
Microsoft Visual Studio Solution File, Format Version 12.00
# Visual Studio Version 17
VisualStudioVersion = 17.3.32721.290
MinimumVisualStudioVersion = 10.0.40219.1
Project("{FAE04EC0-301F-11D3-BF4B-00C04F79EFBC}") = "EngineSimulator", "EngineSimulator\EngineSimulator.csproj", "{0A9AE29D-4B3D-47E9-8C38-88C6AB48FDBC}"
EndProject
Global
	GlobalSection(SolutionConfigurationPlatforms) = preSolution
		Debug|Any CPU = Debug|Any CPU
		Release|Any CPU = Release|Any CPU
	EndGlobalSection
	GlobalSection(ProjectConfigurationPlatforms) = postSolution
		{0A9AE29D-4B3D-47E9-8C38-88C6AB48FDBC}.Debug|Any CPU.ActiveCfg = Debug|Any CPU
		{0A9AE29D-4B3D-47E9-8C38-88C6AB48FDBC}.Debug|Any CPU.Build.0 = Debug|Any CPU
		{0A9AE29D-4B3D-47E9-8C38-88C6AB48FDBC}.Release|Any CPU.ActiveCfg = Release|Any CPU
		{0A9AE29D-4B3D-47E9-8C38-88C6AB48FDBC}.Release|Any CPU.Build.0 = Release|Any CPU
	EndGlobalSection
	GlobalSection(SolutionProperties) = preSolution
		HideSolutionNode = FALSE
	EndGlobalSection
	GlobalSection(ExtensibilityGlobals) = postSolution
		SolutionGuid = {B4D41FEE-FD27-47C7-80EF-08693B02BF48}
	EndGlobalSection
EndGlobal
